// !$*UTF8*$!
{
	archiveVersion = 1;
	classes = {
	};
	objectVersion = 50;
	objects = {

/* Begin PBXBuildFile section */
		FBBA10F628131B5D001DD845 /* EjemploGitApp.swift in Sources */ = {isa = PBXBuildFile; fileRef = FBBA10E328131B54001DD845 /* EjemploGitApp.swift */; };
		FBBA10F728131B5D001DD845 /* EjemploGitApp.swift in Sources */ = {isa = PBXBuildFile; fileRef = FBBA10E328131B54001DD845 /* EjemploGitApp.swift */; };
		FBBA10F828131B5D001DD845 /* ContentView.swift in Sources */ = {isa = PBXBuildFile; fileRef = FBBA10E428131B55001DD845 /* ContentView.swift */; };
		FBBA10F928131B5D001DD845 /* ContentView.swift in Sources */ = {isa = PBXBuildFile; fileRef = FBBA10E428131B55001DD845 /* ContentView.swift */; };
		FBBA10FA28131B5D001DD845 /* Assets.xcassets in Resources */ = {isa = PBXBuildFile; fileRef = FBBA10E528131B5D001DD845 /* Assets.xcassets */; };
		FBBA10FB28131B5D001DD845 /* Assets.xcassets in Resources */ = {isa = PBXBuildFile; fileRef = FBBA10E528131B5D001DD845 /* Assets.xcassets */; };
/* End PBXBuildFile section */

/* Begin PBXFileReference section */
		FBBA10E328131B54001DD845 /* EjemploGitApp.swift */ = {isa = PBXFileReference; lastKnownFileType = sourcecode.swift; path = EjemploGitApp.swift; sourceTree = "<group>"; };
		FBBA10E428131B55001DD845 /* ContentView.swift */ = {isa = PBXFileReference; lastKnownFileType = sourcecode.swift; path = ContentView.swift; sourceTree = "<group>"; };
		FBBA10E528131B5D001DD845 /* Assets.xcassets */ = {isa = PBXFileReference; lastKnownFileType = folder.assetcatalog; path = Assets.xcassets; sourceTree = "<group>"; };
		FBBA10EA28131B5D001DD845 /* EjemploGit.app */ = {isa = PBXFileReference; explicitFileType = wrapper.application; includeInIndex = 0; path = EjemploGit.app; sourceTree = BUILT_PRODUCTS_DIR; };
		FBBA10ED28131B5D001DD845 /* Info.plist */ = {isa = PBXFileReference; lastKnownFileType = text.plist.xml; path = Info.plist; sourceTree = "<group>"; };
		FBBA10F228131B5D001DD845 /* EjemploGit.app */ = {isa = PBXFileReference; explicitFileType = wrapper.application; includeInIndex = 0; path = EjemploGit.app; sourceTree = BUILT_PRODUCTS_DIR; };
		FBBA10F428131B5D001DD845 /* Info.plist */ = {isa = PBXFileReference; lastKnownFileType = text.plist.xml; path = Info.plist; sourceTree = "<group>"; };
		FBBA10F528131B5D001DD845 /* macOS.entitlements */ = {isa = PBXFileReference; lastKnownFileType = text.plist.entitlements; path = macOS.entitlements; sourceTree = "<group>"; };
/* End PBXFileReference section */

/* Begin PBXFrameworksBuildPhase section */
		FBBA10E728131B5D001DD845 /* Frameworks */ = {
			isa = PBXFrameworksBuildPhase;
			buildActionMask = 2147483647;
			files = (
			);
			runOnlyForDeploymentPostprocessing = 0;
		};
		FBBA10EF28131B5D001DD845 /* Frameworks */ = {
			isa = PBXFrameworksBuildPhase;
			buildActionMask = 2147483647;
			files = (
			);
			runOnlyForDeploymentPostprocessing = 0;
		};
/* End PBXFrameworksBuildPhase section */

/* Begin PBXGroup section */
		FBBA10DD28131B54001DD845 = {
			isa = PBXGroup;
			children = (
				FBBA10E228131B54001DD845 /* Shared */,
				FBBA10EC28131B5D001DD845 /* iOS */,
				FBBA10F328131B5D001DD845 /* macOS */,
				FBBA10EB28131B5D001DD845 /* Products */,
			);
			sourceTree = "<group>";
		};
		FBBA10E228131B54001DD845 /* Shared */ = {
			isa = PBXGroup;
			children = (
				FBBA10E328131B54001DD845 /* EjemploGitApp.swift */,
				FBBA10E428131B55001DD845 /* ContentView.swift */,
				FBBA10E528131B5D001DD845 /* Assets.xcassets */,
			);
			path = Shared;
			sourceTree = "<group>";
		};
		FBBA10EB28131B5D001DD845 /* Products */ = {
			isa = PBXGroup;
			children = (
				FBBA10EA28131B5D001DD845 /* EjemploGit.app */,
				FBBA10F228131B5D001DD845 /* EjemploGit.app */,
			);
			name = Products;
			sourceTree = "<group>";
		};
		FBBA10EC28131B5D001DD845 /* iOS */ = {
			isa = PBXGroup;
			children = (
				FBBA10ED28131B5D001DD845 /* Info.plist */,
			);
			path = iOS;
			sourceTree = "<group>";
		};
		FBBA10F328131B5D001DD845 /* macOS */ = {
			isa = PBXGroup;
			children = (
				FBBA10F428131B5D001DD845 /* Info.plist */,
				FBBA10F528131B5D001DD845 /* macOS.entitlements */,
			);
			path = macOS;
			sourceTree = "<group>";
		};
/* End PBXGroup section */

/* Begin PBXNativeTarget section */
		FBBA10E928131B5D001DD845 /* EjemploGit (iOS) */ = {
			isa = PBXNativeTarget;
			buildConfigurationList = FBBA10FE28131B5D001DD845 /* Build configuration list for PBXNativeTarget "EjemploGit (iOS)" */;
			buildPhases = (
				FBBA10E628131B5D001DD845 /* Sources */,
				FBBA10E728131B5D001DD845 /* Frameworks */,
				FBBA10E828131B5D001DD845 /* Resources */,
			);
			buildRules = (
			);
			dependencies = (
			);
			name = "EjemploGit (iOS)";
			productName = "EjemploGit (iOS)";
			productReference = FBBA10EA28131B5D001DD845 /* EjemploGit.app */;
			productType = "com.apple.product-type.application";
		};
		FBBA10F128131B5D001DD845 /* EjemploGit (macOS) */ = {
			isa = PBXNativeTarget;
			buildConfigurationList = FBBA110128131B5D001DD845 /* Build configuration list for PBXNativeTarget "EjemploGit (macOS)" */;
			buildPhases = (
				FBBA10EE28131B5D001DD845 /* Sources */,
				FBBA10EF28131B5D001DD845 /* Frameworks */,
				FBBA10F028131B5D001DD845 /* Resources */,
			);
			buildRules = (
			);
			dependencies = (
			);
			name = "EjemploGit (macOS)";
			productName = "EjemploGit (macOS)";
			productReference = FBBA10F228131B5D001DD845 /* EjemploGit.app */;
			productType = "com.apple.product-type.application";
		};
/* End PBXNativeTarget section */

/* Begin PBXProject section */
		FBBA10DE28131B54001DD845 /* Project object */ = {
			isa = PBXProject;
			attributes = {
				LastSwiftUpdateCheck = 1240;
				LastUpgradeCheck = 1240;
				TargetAttributes = {
					FBBA10E928131B5D001DD845 = {
						CreatedOnToolsVersion = 12.4;
					};
					FBBA10F128131B5D001DD845 = {
						CreatedOnToolsVersion = 12.4;
					};
				};
			};
			buildConfigurationList = FBBA10E128131B54001DD845 /* Build configuration list for PBXProject "EjemploGit" */;
			compatibilityVersion = "Xcode 9.3";
			developmentRegion = en;
			hasScannedForEncodings = 0;
			knownRegions = (
				en,
				Base,
			);
			mainGroup = FBBA10DD28131B54001DD845;
			productRefGroup = FBBA10EB28131B5D001DD845 /* Products */;
			projectDirPath = "";
			projectRoot = "";
			targets = (
				FBBA10E928131B5D001DD845 /* EjemploGit (iOS) */,
				FBBA10F128131B5D001DD845 /* EjemploGit (macOS) */,
			);
		};
/* End PBXProject section */

/* Begin PBXResourcesBuildPhase section */
		FBBA10E828131B5D001DD845 /* Resources */ = {
			isa = PBXResourcesBuildPhase;
			buildActionMask = 2147483647;
			files = (
				FBBA10FA28131B5D001DD845 /* Assets.xcassets in Resources */,
			);
			runOnlyForDeploymentPostprocessing = 0;
		};
		FBBA10F028131B5D001DD845 /* Resources */ = {
			isa = PBXResourcesBuildPhase;
			buildActionMask = 2147483647;
			files = (
				FBBA10FB28131B5D001DD845 /* Assets.xcassets in Resources */,
			);
			runOnlyForDeploymentPostprocessing = 0;
		};
/* End PBXResourcesBuildPhase section */

/* Begin PBXSourcesBuildPhase section */
		FBBA10E628131B5D001DD845 /* Sources */ = {
			isa = PBXSourcesBuildPhase;
			buildActionMask = 2147483647;
			files = (
				FBBA10F828131B5D001DD845 /* ContentView.swift in Sources */,
				FBBA10F628131B5D001DD845 /* EjemploGitApp.swift in Sources */,
			);
			runOnlyForDeploymentPostprocessing = 0;
		};
		FBBA10EE28131B5D001DD845 /* Sources */ = {
			isa = PBXSourcesBuildPhase;
			buildActionMask = 2147483647;
			files = (
				FBBA10F928131B5D001DD845 /* ContentView.swift in Sources */,
				FBBA10F728131B5D001DD845 /* EjemploGitApp.swift in Sources */,
			);
			runOnlyForDeploymentPostprocessing = 0;
		};
/* End PBXSourcesBuildPhase section */

/* Begin XCBuildConfiguration section */
		FBBA10FC28131B5D001DD845 /* Debug */ = {
			isa = XCBuildConfiguration;
			buildSettings = {
				ALWAYS_SEARCH_USER_PATHS = NO;
				CLANG_ANALYZER_NONNULL = YES;
				CLANG_ANALYZER_NUMBER_OBJECT_CONVERSION = YES_AGGRESSIVE;
				CLANG_CXX_LANGUAGE_STANDARD = "gnu++14";
				CLANG_CXX_LIBRARY = "libc++";
				CLANG_ENABLE_MODULES = YES;
				CLANG_ENABLE_OBJC_ARC = YES;
				CLANG_ENABLE_OBJC_WEAK = YES;
				CLANG_WARN_BLOCK_CAPTURE_AUTORELEASING = YES;
				CLANG_WARN_BOOL_CONVERSION = YES;
				CLANG_WARN_COMMA = YES;
				CLANG_WARN_CONSTANT_CONVERSION = YES;
				CLANG_WARN_DEPRECATED_OBJC_IMPLEMENTATIONS = YES;
				CLANG_WARN_DIRECT_OBJC_ISA_USAGE = YES_ERROR;
				CLANG_WARN_DOCUMENTATION_COMMENTS = YES;
				CLANG_WARN_EMPTY_BODY = YES;
				CLANG_WARN_ENUM_CONVERSION = YES;
				CLANG_WARN_INFINITE_RECURSION = YES;
				CLANG_WARN_INT_CONVERSION = YES;
				CLANG_WARN_NON_LITERAL_NULL_CONVERSION = YES;
				CLANG_WARN_OBJC_IMPLICIT_RETAIN_SELF = YES;
				CLANG_WARN_OBJC_LITERAL_CONVERSION = YES;
				CLANG_WARN_OBJC_ROOT_CLASS = YES_ERROR;
				CLANG_WARN_QUOTED_INCLUDE_IN_FRAMEWORK_HEADER = YES;
				CLANG_WARN_RANGE_LOOP_ANALYSIS = YES;
				CLANG_WARN_STRICT_PROTOTYPES = YES;
				CLANG_WARN_SUSPICIOUS_MOVE = YES;
				CLANG_WARN_UNGUARDED_AVAILABILITY = YES_AGGRESSIVE;
				CLANG_WARN_UNREACHABLE_CODE = YES;
				CLANG_WARN__DUPLICATE_METHOD_MATCH = YES;
				COPY_PHASE_STRIP = NO;
				DEBUG_INFORMATION_FORMAT = dwarf;
				ENABLE_STRICT_OBJC_MSGSEND = YES;
				ENABLE_TESTABILITY = YES;
				GCC_C_LANGUAGE_STANDARD = gnu11;
				GCC_DYNAMIC_NO_PIC = NO;
				GCC_NO_COMMON_BLOCKS = YES;
				GCC_OPTIMIZATION_LEVEL = 0;
				GCC_PREPROCESSOR_DEFINITIONS = (
					"DEBUG=1",
					"$(inherited)",
				);
				GCC_WARN_64_TO_32_BIT_CONVERSION = YES;
				GCC_WARN_ABOUT_RETURN_TYPE = YES_ERROR;
				GCC_WARN_UNDECLARED_SELECTOR = YES;
				GCC_WARN_UNINITIALIZED_AUTOS = YES_AGGRESSIVE;
				GCC_WARN_UNUSED_FUNCTION = YES;
				GCC_WARN_UNUSED_VARIABLE = YES;
				MTL_ENABLE_DEBUG_INFO = INCLUDE_SOURCE;
				MTL_FAST_MATH = YES;
				ONLY_ACTIVE_ARCH = YES;
				SWIFT_ACTIVE_COMPILATION_CONDITIONS = DEBUG;
				SWIFT_OPTIMIZATION_LEVEL = "-Onone";
			};
			name = Debug;
		};
		FBBA10FD28131B5D001DD845 /* Release */ = {
			isa = XCBuildConfiguration;
			buildSettings = {
				ALWAYS_SEARCH_USER_PATHS = NO;
				CLANG_ANALYZER_NONNULL = YES;
				CLANG_ANALYZER_NUMBER_OBJECT_CONVERSION = YES_AGGRESSIVE;
				CLANG_CXX_LANGUAGE_STANDARD = "gnu++14";
				CLANG_CXX_LIBRARY = "libc++";
				CLANG_ENABLE_MODULES = YES;
				CLANG_ENABLE_OBJC_ARC = YES;
				CLANG_ENABLE_OBJC_WEAK = YES;
				CLANG_WARN_BLOCK_CAPTURE_AUTORELEASING = YES;
				CLANG_WARN_BOOL_CONVERSION = YES;
				CLANG_WARN_COMMA = YES;
				CLANG_WARN_CONSTANT_CONVERSION = YES;
				CLANG_WARN_DEPRECATED_OBJC_IMPLEMENTATIONS = YES;
				CLANG_WARN_DIRECT_OBJC_ISA_USAGE = YES_ERROR;
				CLANG_WARN_DOCUMENTATION_COMMENTS = YES;
				CLANG_WARN_EMPTY_BODY = YES;
				CLANG_WARN_ENUM_CONVERSION = YES;
				CLANG_WARN_INFINITE_RECURSION = YES;
				CLANG_WARN_INT_CONVERSION = YES;
				CLANG_WARN_NON_LITERAL_NULL_CONVERSION = YES;
				CLANG_WARN_OBJC_IMPLICIT_RETAIN_SELF = YES;
				CLANG_WARN_OBJC_LITERAL_CONVERSION = YES;
				CLANG_WARN_OBJC_ROOT_CLASS = YES_ERROR;
				CLANG_WARN_QUOTED_INCLUDE_IN_FRAMEWORK_HEADER = YES;
				CLANG_WARN_RANGE_LOOP_ANALYSIS = YES;
				CLANG_WARN_STRICT_PROTOTYPES = YES;
				CLANG_WARN_SUSPICIOUS_MOVE = YES;
				CLANG_WARN_UNGUARDED_AVAILABILITY = YES_AGGRESSIVE;
				CLANG_WARN_UNREACHABLE_CODE = YES;
				CLANG_WARN__DUPLICATE_METHOD_MATCH = YES;
				COPY_PHASE_STRIP = NO;
				DEBUG_INFORMATION_FORMAT = "dwarf-with-dsym";
				ENABLE_NS_ASSERTIONS = NO;
				ENABLE_STRICT_OBJC_MSGSEND = YES;
				GCC_C_LANGUAGE_STANDARD = gnu11;
				GCC_NO_COMMON_BLOCKS = YES;
				GCC_WARN_64_TO_32_BIT_CONVERSION = YES;
				GCC_WARN_ABOUT_RETURN_TYPE = YES_ERROR;
				GCC_WARN_UNDECLARED_SELECTOR = YES;
				GCC_WARN_UNINITIALIZED_AUTOS = YES_AGGRESSIVE;
				GCC_WARN_UNUSED_FUNCTION = YES;
				GCC_WARN_UNUSED_VARIABLE = YES;
				MTL_ENABLE_DEBUG_INFO = NO;
				MTL_FAST_MATH = YES;
				SWIFT_COMPILATION_MODE = wholemodule;
				SWIFT_OPTIMIZATION_LEVEL = "-O";
			};
			name = Release;
		};
		FBBA10FF28131B5D001DD845 /* Debug */ = {
			isa = XCBuildConfiguration;
			buildSettings = {
				ASSETCATALOG_COMPILER_APPICON_NAME = AppIcon;
				ASSETCATALOG_COMPILER_GLOBAL_ACCENT_COLOR_NAME = AccentColor;
				CODE_SIGN_STYLE = Automatic;
				ENABLE_PREVIEWS = YES;
				INFOPLIST_FILE = iOS/Info.plist;
				IPHONEOS_DEPLOYMENT_TARGET = 14.0;
				LD_RUNPATH_SEARCH_PATHS = (
					"$(inherited)",
					"@executable_path/Frameworks",
				);
				PRODUCT_BUNDLE_IDENTIFIER = com.ismael.EjemploGit.EjemploGit;
				PRODUCT_NAME = EjemploGit;
				SDKROOT = iphoneos;
				SWIFT_VERSION = 5.0;
				TARGETED_DEVICE_FAMILY = "1,2";
			};
			name = Debug;
		};
		FBBA110028131B5D001DD845 /* Release */ = {
			isa = XCBuildConfiguration;
			buildSettings = {
				ASSETCATALOG_COMPILER_APPICON_NAME = AppIcon;
				ASSETCATALOG_COMPILER_GLOBAL_ACCENT_COLOR_NAME = AccentColor;
				CODE_SIGN_STYLE = Automatic;
				ENABLE_PREVIEWS = YES;
				INFOPLIST_FILE = iOS/Info.plist;
				IPHONEOS_DEPLOYMENT_TARGET = 14.0;
				LD_RUNPATH_SEARCH_PATHS = (
					"$(inherited)",
					"@executable_path/Frameworks",
				);
				PRODUCT_BUNDLE_IDENTIFIER = com.ismael.EjemploGit.EjemploGit;
				PRODUCT_NAME = EjemploGit;
				SDKROOT = iphoneos;
				SWIFT_VERSION = 5.0;
				TARGETED_DEVICE_FAMILY = "1,2";
				VALIDATE_PRODUCT = YES;
			};
			name = Release;
		};
		FBBA110228131B5D001DD845 /* Debug */ = {
			isa = XCBuildConfiguration;
			buildSettings = {
				ASSETCATALOG_COMPILER_APPICON_NAME = AppIcon;
				ASSETCATALOG_COMPILER_GLOBAL_ACCENT_COLOR_NAME = AccentColor;
				CODE_SIGN_ENTITLEMENTS = macOS/macOS.entitlements;
				CODE_SIGN_STYLE = Automatic;
				COMBINE_HIDPI_IMAGES = YES;
				ENABLE_PREVIEWS = YES;
				INFOPLIST_FILE = macOS/Info.plist;
				LD_RUNPATH_SEARCH_PATHS = (
					"$(inherited)",
					"@executable_path/../Frameworks",
				);
				MACOSX_DEPLOYMENT_TARGET = 11.0;
				PRODUCT_BUNDLE_IDENTIFIER = com.ismael.EjemploGit.EjemploGit;
				PRODUCT_NAME = EjemploGit;
				SDKROOT = macosx;
				SWIFT_VERSION = 5.0;
			};
			name = Debug;
		};
		FBBA110328131B5D001DD845 /* Release */ = {
			isa = XCBuildConfiguration;
			buildSettings = {
				ASSETCATALOG_COMPILER_APPICON_NAME = AppIcon;
				ASSETCATALOG_COMPILER_GLOBAL_ACCENT_COLOR_NAME = AccentColor;
				CODE_SIGN_ENTITLEMENTS = macOS/macOS.entitlements;
				CODE_SIGN_STYLE = Automatic;
				COMBINE_HIDPI_IMAGES = YES;
				ENABLE_PREVIEWS = YES;
				INFOPLIST_FILE = macOS/Info.plist;
				LD_RUNPATH_SEARCH_PATHS = (
					"$(inherited)",
					"@executable_path/../Frameworks",
				);
				MACOSX_DEPLOYMENT_TARGET = 11.0;
				PRODUCT_BUNDLE_IDENTIFIER = com.ismael.EjemploGit.EjemploGit;
				PRODUCT_NAME = EjemploGit;
				SDKROOT = macosx;
				SWIFT_VERSION = 5.0;
			};
			name = Release;
		};
/* End XCBuildConfiguration section */

/* Begin XCConfigurationList section */
		FBBA10E128131B54001DD845 /* Build configuration list for PBXProject "EjemploGit" */ = {
			isa = XCConfigurationList;
			buildConfigurations = (
				FBBA10FC28131B5D001DD845 /* Debug */,
				FBBA10FD28131B5D001DD845 /* Release */,
			);
			defaultConfigurationIsVisible = 0;
			defaultConfigurationName = Release;
		};
		FBBA10FE28131B5D001DD845 /* Build configuration list for PBXNativeTarget "EjemploGit (iOS)" */ = {
			isa = XCConfigurationList;
			buildConfigurations = (
				FBBA10FF28131B5D001DD845 /* Debug */,
				FBBA110028131B5D001DD845 /* Release */,
			);
			defaultConfigurationIsVisible = 0;
			defaultConfigurationName = Release;
		};
		FBBA110128131B5D001DD845 /* Build configuration list for PBXNativeTarget "EjemploGit (macOS)" */ = {
			isa = XCConfigurationList;
			buildConfigurations = (
				FBBA110228131B5D001DD845 /* Debug */,
				FBBA110328131B5D001DD845 /* Release */,
			);
			defaultConfigurationIsVisible = 0;
			defaultConfigurationName = Release;
		};
/* End XCConfigurationList section */
	};
	rootObject = FBBA10DE28131B54001DD845 /* Project object */;
}
